// !$*UTF8*$!
{
	archiveVersion = 1;
	classes = {
	};
	objectVersion = 48;
	objects = {

/* Begin PBXBuildFile section */
		DA60F5921FA3F3D200AD84F1 /* AppDelegate.swift in Sources */ = {isa = PBXBuildFile; fileRef = DA60F5911FA3F3D200AD84F1 /* AppDelegate.swift */; };
		DA60F5941FA3F3D200AD84F1 /* ViewController.swift in Sources */ = {isa = PBXBuildFile; fileRef = DA60F5931FA3F3D200AD84F1 /* ViewController.swift */; };
		DA60F5971FA3F3D200AD84F1 /* Main.storyboard in Resources */ = {isa = PBXBuildFile; fileRef = DA60F5951FA3F3D200AD84F1 /* Main.storyboard */; };
		DA60F5991FA3F3D200AD84F1 /* Assets.xcassets in Resources */ = {isa = PBXBuildFile; fileRef = DA60F5981FA3F3D200AD84F1 /* Assets.xcassets */; };
		DA60F59C1FA3F3D200AD84F1 /* LaunchScreen.storyboard in Resources */ = {isa = PBXBuildFile; fileRef = DA60F59A1FA3F3D200AD84F1 /* LaunchScreen.storyboard */; };
		DA60F5A71FA3F3D200AD84F1 /* TestAppTests.swift in Sources */ = {isa = PBXBuildFile; fileRef = DA60F5A61FA3F3D200AD84F1 /* TestAppTests.swift */; };
		DA60F5B21FA3F3D300AD84F1 /* TestAppUITests.swift in Sources */ = {isa = PBXBuildFile; fileRef = DA60F5B11FA3F3D300AD84F1 /* TestAppUITests.swift */; };
/* End PBXBuildFile section */

/* Begin PBXContainerItemProxy section */
		DA60F5A31FA3F3D200AD84F1 /* PBXContainerItemProxy */ = {
			isa = PBXContainerItemProxy;
			containerPortal = DA60F5861FA3F3D200AD84F1 /* Project object */;
			proxyType = 1;
			remoteGlobalIDString = DA60F58D1FA3F3D200AD84F1;
			remoteInfo = TestApp;
		};
		DA60F5AE1FA3F3D300AD84F1 /* PBXContainerItemProxy */ = {
			isa = PBXContainerItemProxy;
			containerPortal = DA60F5861FA3F3D200AD84F1 /* Project object */;
			proxyType = 1;
			remoteGlobalIDString = DA60F58D1FA3F3D200AD84F1;
			remoteInfo = TestApp;
		};
/* End PBXContainerItemProxy section */

/* Begin PBXFileReference section */
		DA60F58E1FA3F3D200AD84F1 /* TestApp.app */ = {isa = PBXFileReference; explicitFileType = wrapper.application; includeInIndex = 0; path = TestApp.app; sourceTree = BUILT_PRODUCTS_DIR; };
		DA60F5911FA3F3D200AD84F1 /* AppDelegate.swift */ = {isa = PBXFileReference; lastKnownFileType = sourcecode.swift; path = AppDelegate.swift; sourceTree = "<group>"; };
		DA60F5931FA3F3D200AD84F1 /* ViewController.swift */ = {isa = PBXFileReference; lastKnownFileType = sourcecode.swift; path = ViewController.swift; sourceTree = "<group>"; };
		DA60F5961FA3F3D200AD84F1 /* Base */ = {isa = PBXFileReference; lastKnownFileType = file.storyboard; name = Base; path = Base.lproj/Main.storyboard; sourceTree = "<group>"; };
		DA60F5981FA3F3D200AD84F1 /* Assets.xcassets */ = {isa = PBXFileReference; lastKnownFileType = folder.assetcatalog; path = Assets.xcassets; sourceTree = "<group>"; };
		DA60F59B1FA3F3D200AD84F1 /* Base */ = {isa = PBXFileReference; lastKnownFileType = file.storyboard; name = Base; path = Base.lproj/LaunchScreen.storyboard; sourceTree = "<group>"; };
		DA60F59D1FA3F3D200AD84F1 /* Info.plist */ = {isa = PBXFileReference; lastKnownFileType = text.plist.xml; path = Info.plist; sourceTree = "<group>"; };
		DA60F5A21FA3F3D200AD84F1 /* TestAppTests.xctest */ = {isa = PBXFileReference; explicitFileType = wrapper.cfbundle; includeInIndex = 0; path = TestAppTests.xctest; sourceTree = BUILT_PRODUCTS_DIR; };
		DA60F5A61FA3F3D200AD84F1 /* TestAppTests.swift */ = {isa = PBXFileReference; lastKnownFileType = sourcecode.swift; path = TestAppTests.swift; sourceTree = "<group>"; };
		DA60F5A81FA3F3D200AD84F1 /* Info.plist */ = {isa = PBXFileReference; lastKnownFileType = text.plist.xml; path = Info.plist; sourceTree = "<group>"; };
		DA60F5AD1FA3F3D300AD84F1 /* TestAppUITests.xctest */ = {isa = PBXFileReference; explicitFileType = wrapper.cfbundle; includeInIndex = 0; path = TestAppUITests.xctest; sourceTree = BUILT_PRODUCTS_DIR; };
		DA60F5B11FA3F3D300AD84F1 /* TestAppUITests.swift */ = {isa = PBXFileReference; lastKnownFileType = sourcecode.swift; path = TestAppUITests.swift; sourceTree = "<group>"; };
		DA60F5B31FA3F3D300AD84F1 /* Info.plist */ = {isa = PBXFileReference; lastKnownFileType = text.plist.xml; path = Info.plist; sourceTree = "<group>"; };
/* End PBXFileReference section */

/* Begin PBXFrameworksBuildPhase section */
		DA60F58B1FA3F3D200AD84F1 /* Frameworks */ = {
			isa = PBXFrameworksBuildPhase;
			buildActionMask = 2147483647;
			files = (
			);
			runOnlyForDeploymentPostprocessing = 0;
		};
		DA60F59F1FA3F3D200AD84F1 /* Frameworks */ = {
			isa = PBXFrameworksBuildPhase;
			buildActionMask = 2147483647;
			files = (
			);
			runOnlyForDeploymentPostprocessing = 0;
		};
		DA60F5AA1FA3F3D300AD84F1 /* Frameworks */ = {
			isa = PBXFrameworksBuildPhase;
			buildActionMask = 2147483647;
			files = (
			);
			runOnlyForDeploymentPostprocessing = 0;
		};
/* End PBXFrameworksBuildPhase section */

/* Begin PBXGroup section */
		DA60F5851FA3F3D200AD84F1 = {
			isa = PBXGroup;
			children = (
				DA60F5901FA3F3D200AD84F1 /* TestApp */,
				DA60F5A51FA3F3D200AD84F1 /* TestAppTests */,
				DA60F5B01FA3F3D300AD84F1 /* TestAppUITests */,
				DA60F58F1FA3F3D200AD84F1 /* Products */,
			);
			sourceTree = "<group>";
		};
		DA60F58F1FA3F3D200AD84F1 /* Products */ = {
			isa = PBXGroup;
			children = (
				DA60F58E1FA3F3D200AD84F1 /* TestApp.app */,
				DA60F5A21FA3F3D200AD84F1 /* TestAppTests.xctest */,
				DA60F5AD1FA3F3D300AD84F1 /* TestAppUITests.xctest */,
			);
			name = Products;
			sourceTree = "<group>";
		};
		DA60F5901FA3F3D200AD84F1 /* TestApp */ = {
			isa = PBXGroup;
			children = (
				DA60F5911FA3F3D200AD84F1 /* AppDelegate.swift */,
				DA60F5931FA3F3D200AD84F1 /* ViewController.swift */,
				DA60F5951FA3F3D200AD84F1 /* Main.storyboard */,
				DA60F5981FA3F3D200AD84F1 /* Assets.xcassets */,
				DA60F59A1FA3F3D200AD84F1 /* LaunchScreen.storyboard */,
				DA60F59D1FA3F3D200AD84F1 /* Info.plist */,
			);
			path = TestApp;
			sourceTree = "<group>";
		};
		DA60F5A51FA3F3D200AD84F1 /* TestAppTests */ = {
			isa = PBXGroup;
			children = (
				DA60F5A61FA3F3D200AD84F1 /* TestAppTests.swift */,
				DA60F5A81FA3F3D200AD84F1 /* Info.plist */,
			);
			path = TestAppTests;
			sourceTree = "<group>";
		};
		DA60F5B01FA3F3D300AD84F1 /* TestAppUITests */ = {
			isa = PBXGroup;
			children = (
				DA60F5B11FA3F3D300AD84F1 /* TestAppUITests.swift */,
				DA60F5B31FA3F3D300AD84F1 /* Info.plist */,
			);
			path = TestAppUITests;
			sourceTree = "<group>";
		};
/* End PBXGroup section */

/* Begin PBXNativeTarget section */
		DA60F58D1FA3F3D200AD84F1 /* TestApp */ = {
			isa = PBXNativeTarget;
			buildConfigurationList = DA60F5B61FA3F3D300AD84F1 /* Build configuration list for PBXNativeTarget "TestApp" */;
			buildPhases = (
				DA60F58A1FA3F3D200AD84F1 /* Sources */,
				DA60F58B1FA3F3D200AD84F1 /* Frameworks */,
				DA60F58C1FA3F3D200AD84F1 /* Resources */,
			);
			buildRules = (
			);
			dependencies = (
			);
			name = TestApp;
			productName = TestApp;
			productReference = DA60F58E1FA3F3D200AD84F1 /* TestApp.app */;
			productType = "com.apple.product-type.application";
		};
		DA60F5A11FA3F3D200AD84F1 /* TestAppTests */ = {
			isa = PBXNativeTarget;
			buildConfigurationList = DA60F5B91FA3F3D300AD84F1 /* Build configuration list for PBXNativeTarget "TestAppTests" */;
			buildPhases = (
				DA60F59E1FA3F3D200AD84F1 /* Sources */,
				DA60F59F1FA3F3D200AD84F1 /* Frameworks */,
				DA60F5A01FA3F3D200AD84F1 /* Resources */,
			);
			buildRules = (
			);
			dependencies = (
				DA60F5A41FA3F3D200AD84F1 /* PBXTargetDependency */,
			);
			name = TestAppTests;
			productName = TestAppTests;
			productReference = DA60F5A21FA3F3D200AD84F1 /* TestAppTests.xctest */;
			productType = "com.apple.product-type.bundle.unit-test";
		};
		DA60F5AC1FA3F3D300AD84F1 /* TestAppUITests */ = {
			isa = PBXNativeTarget;
			buildConfigurationList = DA60F5BC1FA3F3D300AD84F1 /* Build configuration list for PBXNativeTarget "TestAppUITests" */;
			buildPhases = (
				DA60F5A91FA3F3D300AD84F1 /* Sources */,
				DA60F5AA1FA3F3D300AD84F1 /* Frameworks */,
				DA60F5AB1FA3F3D300AD84F1 /* Resources */,
			);
			buildRules = (
			);
			dependencies = (
				DA60F5AF1FA3F3D300AD84F1 /* PBXTargetDependency */,
			);
			name = TestAppUITests;
			productName = TestAppUITests;
			productReference = DA60F5AD1FA3F3D300AD84F1 /* TestAppUITests.xctest */;
			productType = "com.apple.product-type.bundle.ui-testing";
		};
/* End PBXNativeTarget section */

/* Begin PBXProject section */
		DA60F5861FA3F3D200AD84F1 /* Project object */ = {
			isa = PBXProject;
			attributes = {
				LastSwiftUpdateCheck = 0900;
				LastUpgradeCheck = 0900;
				ORGANIZATIONNAME = TKraus;
				TargetAttributes = {
					DA60F58D1FA3F3D200AD84F1 = {
						CreatedOnToolsVersion = 9.0.1;
						ProvisioningStyle = Automatic;
					};
					DA60F5A11FA3F3D200AD84F1 = {
						CreatedOnToolsVersion = 9.0.1;
						ProvisioningStyle = Automatic;
						TestTargetID = DA60F58D1FA3F3D200AD84F1;
					};
					DA60F5AC1FA3F3D300AD84F1 = {
						CreatedOnToolsVersion = 9.0.1;
						ProvisioningStyle = Automatic;
						TestTargetID = DA60F58D1FA3F3D200AD84F1;
					};
				};
			};
			buildConfigurationList = DA60F5891FA3F3D200AD84F1 /* Build configuration list for PBXProject "TestApp" */;
			compatibilityVersion = "Xcode 8.0";
			developmentRegion = en;
			hasScannedForEncodings = 0;
			knownRegions = (
				en,
				Base,
			);
			mainGroup = DA60F5851FA3F3D200AD84F1;
			productRefGroup = DA60F58F1FA3F3D200AD84F1 /* Products */;
			projectDirPath = "";
			projectRoot = "";
			targets = (
				DA60F58D1FA3F3D200AD84F1 /* TestApp */,
				DA60F5A11FA3F3D200AD84F1 /* TestAppTests */,
				DA60F5AC1FA3F3D300AD84F1 /* TestAppUITests */,
			);
		};
/* End PBXProject section */

/* Begin PBXResourcesBuildPhase section */
		DA60F58C1FA3F3D200AD84F1 /* Resources */ = {
			isa = PBXResourcesBuildPhase;
			buildActionMask = 2147483647;
			files = (
				DA60F59C1FA3F3D200AD84F1 /* LaunchScreen.storyboard in Resources */,
				DA60F5991FA3F3D200AD84F1 /* Assets.xcassets in Resources */,
				DA60F5971FA3F3D200AD84F1 /* Main.storyboard in Resources */,
			);
			runOnlyForDeploymentPostprocessing = 0;
		};
		DA60F5A01FA3F3D200AD84F1 /* Resources */ = {
			isa = PBXResourcesBuildPhase;
			buildActionMask = 2147483647;
			files = (
			);
			runOnlyForDeploymentPostprocessing = 0;
		};
		DA60F5AB1FA3F3D300AD84F1 /* Resources */ = {
			isa = PBXResourcesBuildPhase;
			buildActionMask = 2147483647;
			files = (
			);
			runOnlyForDeploymentPostprocessing = 0;
		};
/* End PBXResourcesBuildPhase section */

/* Begin PBXSourcesBuildPhase section */
		DA60F58A1FA3F3D200AD84F1 /* Sources */ = {
			isa = PBXSourcesBuildPhase;
			buildActionMask = 2147483647;
			files = (
				DA60F5941FA3F3D200AD84F1 /* ViewController.swift in Sources */,
				DA60F5921FA3F3D200AD84F1 /* AppDelegate.swift in Sources */,
			);
			runOnlyForDeploymentPostprocessing = 0;
		};
		DA60F59E1FA3F3D200AD84F1 /* Sources */ = {
			isa = PBXSourcesBuildPhase;
			buildActionMask = 2147483647;
			files = (
				DA60F5A71FA3F3D200AD84F1 /* TestAppTests.swift in Sources */,
			);
			runOnlyForDeploymentPostprocessing = 0;
		};
		DA60F5A91FA3F3D300AD84F1 /* Sources */ = {
			isa = PBXSourcesBuildPhase;
			buildActionMask = 2147483647;
			files = (
				DA60F5B21FA3F3D300AD84F1 /* TestAppUITests.swift in Sources */,
			);
			runOnlyForDeploymentPostprocessing = 0;
		};
/* End PBXSourcesBuildPhase section */

/* Begin PBXTargetDependency section */
		DA60F5A41FA3F3D200AD84F1 /* PBXTargetDependency */ = {
			isa = PBXTargetDependency;
			target = DA60F58D1FA3F3D200AD84F1 /* TestApp */;
			targetProxy = DA60F5A31FA3F3D200AD84F1 /* PBXContainerItemProxy */;
		};
		DA60F5AF1FA3F3D300AD84F1 /* PBXTargetDependency */ = {
			isa = PBXTargetDependency;
			target = DA60F58D1FA3F3D200AD84F1 /* TestApp */;
			targetProxy = DA60F5AE1FA3F3D300AD84F1 /* PBXContainerItemProxy */;
		};
/* End PBXTargetDependency section */

/* Begin PBXVariantGroup section */
		DA60F5951FA3F3D200AD84F1 /* Main.storyboard */ = {
			isa = PBXVariantGroup;
			children = (
				DA60F5961FA3F3D200AD84F1 /* Base */,
			);
			name = Main.storyboard;
			sourceTree = "<group>";
		};
		DA60F59A1FA3F3D200AD84F1 /* LaunchScreen.storyboard */ = {
			isa = PBXVariantGroup;
			children = (
				DA60F59B1FA3F3D200AD84F1 /* Base */,
			);
			name = LaunchScreen.storyboard;
			sourceTree = "<group>";
		};
/* End PBXVariantGroup section */

/* Begin XCBuildConfiguration section */
		DA60F5B41FA3F3D300AD84F1 /* Debug */ = {
			isa = XCBuildConfiguration;
			buildSettings = {
				ALWAYS_SEARCH_USER_PATHS = NO;
				CLANG_ANALYZER_NONNULL = YES;
				CLANG_ANALYZER_NUMBER_OBJECT_CONVERSION = YES_AGGRESSIVE;
				CLANG_CXX_LANGUAGE_STANDARD = "gnu++14";
				CLANG_CXX_LIBRARY = "libc++";
				CLANG_ENABLE_MODULES = YES;
				CLANG_ENABLE_OBJC_ARC = YES;
				CLANG_WARN_BLOCK_CAPTURE_AUTORELEASING = YES;
				CLANG_WARN_BOOL_CONVERSION = YES;
				CLANG_WARN_COMMA = YES;
				CLANG_WARN_CONSTANT_CONVERSION = YES;
				CLANG_WARN_DIRECT_OBJC_ISA_USAGE = YES_ERROR;
				CLANG_WARN_DOCUMENTATION_COMMENTS = YES;
				CLANG_WARN_EMPTY_BODY = YES;
				CLANG_WARN_ENUM_CONVERSION = YES;
				CLANG_WARN_INFINITE_RECURSION = YES;
				CLANG_WARN_INT_CONVERSION = YES;
				CLANG_WARN_NON_LITERAL_NULL_CONVERSION = YES;
				CLANG_WARN_OBJC_LITERAL_CONVERSION = YES;
				CLANG_WARN_OBJC_ROOT_CLASS = YES_ERROR;
				CLANG_WARN_RANGE_LOOP_ANALYSIS = YES;
				CLANG_WARN_STRICT_PROTOTYPES = YES;
				CLANG_WARN_SUSPICIOUS_MOVE = YES;
				CLANG_WARN_UNGUARDED_AVAILABILITY = YES_AGGRESSIVE;
				CLANG_WARN_UNREACHABLE_CODE = YES;
				CLANG_WARN__DUPLICATE_METHOD_MATCH = YES;
				CODE_SIGN_IDENTITY = "iPhone Developer";
				COPY_PHASE_STRIP = NO;
				DEBUG_INFORMATION_FORMAT = dwarf;
				ENABLE_STRICT_OBJC_MSGSEND = YES;
				ENABLE_TESTABILITY = YES;
				GCC_C_LANGUAGE_STANDARD = gnu11;
				GCC_DYNAMIC_NO_PIC = NO;
				GCC_NO_COMMON_BLOCKS = YES;
				GCC_OPTIMIZATION_LEVEL = 0;
				GCC_PREPROCESSOR_DEFINITIONS = (
					"DEBUG=1",
					"$(inherited)",
				);
				GCC_WARN_64_TO_32_BIT_CONVERSION = YES;
				GCC_WARN_ABOUT_RETURN_TYPE = YES_ERROR;
				GCC_WARN_UNDECLARED_SELECTOR = YES;
				GCC_WARN_UNINITIALIZED_AUTOS = YES_AGGRESSIVE;
				GCC_WARN_UNUSED_FUNCTION = YES;
				GCC_WARN_UNUSED_VARIABLE = YES;
				IPHONEOS_DEPLOYMENT_TARGET = 11.0;
				MTL_ENABLE_DEBUG_INFO = YES;
				ONLY_ACTIVE_ARCH = YES;
				SDKROOT = iphoneos;
				SWIFT_ACTIVE_COMPILATION_CONDITIONS = DEBUG;
				SWIFT_OPTIMIZATION_LEVEL = "-Onone";
			};
			name = Debug;
		};
		DA60F5B51FA3F3D300AD84F1 /* Release */ = {
			isa = XCBuildConfiguration;
			buildSettings = {
				ALWAYS_SEARCH_USER_PATHS = NO;
				CLANG_ANALYZER_NONNULL = YES;
				CLANG_ANALYZER_NUMBER_OBJECT_CONVERSION = YES_AGGRESSIVE;
				CLANG_CXX_LANGUAGE_STANDARD = "gnu++14";
				CLANG_CXX_LIBRARY = "libc++";
				CLANG_ENABLE_MODULES = YES;
				CLANG_ENABLE_OBJC_ARC = YES;
				CLANG_WARN_BLOCK_CAPTURE_AUTORELEASING = YES;
				CLANG_WARN_BOOL_CONVERSION = YES;
				CLANG_WARN_COMMA = YES;
				CLANG_WARN_CONSTANT_CONVERSION = YES;
				CLANG_WARN_DIRECT_OBJC_ISA_USAGE = YES_ERROR;
				CLANG_WARN_DOCUMENTATION_COMMENTS = YES;
				CLANG_WARN_EMPTY_BODY = YES;
				CLANG_WARN_ENUM_CONVERSION = YES;
				CLANG_WARN_INFINITE_RECURSION = YES;
				CLANG_WARN_INT_CONVERSION = YES;
				CLANG_WARN_NON_LITERAL_NULL_CONVERSION = YES;
				CLANG_WARN_OBJC_LITERAL_CONVERSION = YES;
				CLANG_WARN_OBJC_ROOT_CLASS = YES_ERROR;
				CLANG_WARN_RANGE_LOOP_ANALYSIS = YES;
				CLANG_WARN_STRICT_PROTOTYPES = YES;
				CLANG_WARN_SUSPICIOUS_MOVE = YES;
				CLANG_WARN_UNGUARDED_AVAILABILITY = YES_AGGRESSIVE;
				CLANG_WARN_UNREACHABLE_CODE = YES;
				CLANG_WARN__DUPLICATE_METHOD_MATCH = YES;
				CODE_SIGN_IDENTITY = "iPhone Developer";
				COPY_PHASE_STRIP = NO;
				DEBUG_INFORMATION_FORMAT = "dwarf-with-dsym";
				ENABLE_NS_ASSERTIONS = NO;
				ENABLE_STRICT_OBJC_MSGSEND = YES;
				GCC_C_LANGUAGE_STANDARD = gnu11;
				GCC_NO_COMMON_BLOCKS = YES;
				GCC_WARN_64_TO_32_BIT_CONVERSION = YES;
				GCC_WARN_ABOUT_RETURN_TYPE = YES_ERROR;
				GCC_WARN_UNDECLARED_SELECTOR = YES;
				GCC_WARN_UNINITIALIZED_AUTOS = YES_AGGRESSIVE;
				GCC_WARN_UNUSED_FUNCTION = YES;
				GCC_WARN_UNUSED_VARIABLE = YES;
				IPHONEOS_DEPLOYMENT_TARGET = 11.0;
				MTL_ENABLE_DEBUG_INFO = NO;
				SDKROOT = iphoneos;
				SWIFT_OPTIMIZATION_LEVEL = "-Owholemodule";
				VALIDATE_PRODUCT = YES;
			};
			name = Release;
		};
		DA60F5B71FA3F3D300AD84F1 /* Debug */ = {
			isa = XCBuildConfiguration;
			buildSettings = {
				ASSETCATALOG_COMPILER_APPICON_NAME = AppIcon;
				CODE_SIGN_STYLE = Automatic;
				DEVELOPMENT_TEAM = LYDNLJ5GWA;
				INFOPLIST_FILE = TestApp/Info.plist;
				LD_RUNPATH_SEARCH_PATHS = "$(inherited) @executable_path/Frameworks";
				PRODUCT_BUNDLE_IDENTIFIER = tkraus.TestApp;
				PRODUCT_NAME = "$(TARGET_NAME)";
				SWIFT_VERSION = 4.0;
				TARGETED_DEVICE_FAMILY = "1,2";
			};
			name = Debug;
		};
		DA60F5B81FA3F3D300AD84F1 /* Release */ = {
			isa = XCBuildConfiguration;
			buildSettings = {
				ASSETCATALOG_COMPILER_APPICON_NAME = AppIcon;
				CODE_SIGN_STYLE = Automatic;
				DEVELOPMENT_TEAM = LYDNLJ5GWA;
				INFOPLIST_FILE = TestApp/Info.plist;
				LD_RUNPATH_SEARCH_PATHS = "$(inherited) @executable_path/Frameworks";
				PRODUCT_BUNDLE_IDENTIFIER = tkraus.TestApp;
				PRODUCT_NAME = "$(TARGET_NAME)";
				SWIFT_VERSION = 4.0;
				TARGETED_DEVICE_FAMILY = "1,2";
			};
			name = Release;
		};
		DA60F5BA1FA3F3D300AD84F1 /* Debug */ = {
			isa = XCBuildConfiguration;
			buildSettings = {
				ALWAYS_EMBED_SWIFT_STANDARD_LIBRARIES = YES;
				BUNDLE_LOADER = "$(TEST_HOST)";
				CODE_SIGN_STYLE = Automatic;
				DEVELOPMENT_TEAM = LYDNLJ5GWA;
				INFOPLIST_FILE = TestAppTests/Info.plist;
				LD_RUNPATH_SEARCH_PATHS = "$(inherited) @executable_path/Frameworks @loader_path/Frameworks";
				PRODUCT_BUNDLE_IDENTIFIER = tkraus.TestAppTests;
				PRODUCT_NAME = "$(TARGET_NAME)";
				SWIFT_VERSION = 4.0;
				TARGETED_DEVICE_FAMILY = "1,2";
				TEST_HOST = "$(BUILT_PRODUCTS_DIR)/TestApp.app/TestApp";
			};
			name = Debug;
		};
		DA60F5BB1FA3F3D300AD84F1 /* Release */ = {
			isa = XCBuildConfiguration;
			buildSettings = {
				ALWAYS_EMBED_SWIFT_STANDARD_LIBRARIES = YES;
				BUNDLE_LOADER = "$(TEST_HOST)";
				CODE_SIGN_STYLE = Automatic;
				DEVELOPMENT_TEAM = LYDNLJ5GWA;
				INFOPLIST_FILE = TestAppTests/Info.plist;
				LD_RUNPATH_SEARCH_PATHS = "$(inherited) @executable_path/Frameworks @loader_path/Frameworks";
				PRODUCT_BUNDLE_IDENTIFIER = tkraus.TestAppTests;
				PRODUCT_NAME = "$(TARGET_NAME)";
				SWIFT_VERSION = 4.0;
				TARGETED_DEVICE_FAMILY = "1,2";
				TEST_HOST = "$(BUILT_PRODUCTS_DIR)/TestApp.app/TestApp";
			};
			name = Release;
		};
		DA60F5BD1FA3F3D300AD84F1 /* Debug */ = {
			isa = XCBuildConfiguration;
			buildSettings = {
				ALWAYS_EMBED_SWIFT_STANDARD_LIBRARIES = YES;
				CODE_SIGN_STYLE = Automatic;
				DEVELOPMENT_TEAM = LYDNLJ5GWA;
				INFOPLIST_FILE = TestAppUITests/Info.plist;
				LD_RUNPATH_SEARCH_PATHS = "$(inherited) @executable_path/Frameworks @loader_path/Frameworks";
				PRODUCT_BUNDLE_IDENTIFIER = tkraus.TestAppUITests;
				PRODUCT_NAME = "$(TARGET_NAME)";
				SWIFT_VERSION = 4.0;
				TARGETED_DEVICE_FAMILY = "1,2";
				TEST_TARGET_NAME = TestApp;
			};
			name = Debug;
		};
		DA60F5BE1FA3F3D300AD84F1 /* Release */ = {
			isa = XCBuildConfiguration;
			buildSettings = {
				ALWAYS_EMBED_SWIFT_STANDARD_LIBRARIES = YES;
				CODE_SIGN_STYLE = Automatic;
				DEVELOPMENT_TEAM = LYDNLJ5GWA;
				INFOPLIST_FILE = TestAppUITests/Info.plist;
				LD_RUNPATH_SEARCH_PATHS = "$(inherited) @executable_path/Frameworks @loader_path/Frameworks";
				PRODUCT_BUNDLE_IDENTIFIER = tkraus.TestAppUITests;
				PRODUCT_NAME = "$(TARGET_NAME)";
				SWIFT_VERSION = 4.0;
				TARGETED_DEVICE_FAMILY = "1,2";
				TEST_TARGET_NAME = TestApp;
			};
			name = Release;
		};
/* End XCBuildConfiguration section */

/* Begin XCConfigurationList section */
		DA60F5891FA3F3D200AD84F1 /* Build configuration list for PBXProject "TestApp" */ = {
			isa = XCConfigurationList;
			buildConfigurations = (
				DA60F5B41FA3F3D300AD84F1 /* Debug */,
				DA60F5B51FA3F3D300AD84F1 /* Release */,
			);
			defaultConfigurationIsVisible = 0;
			defaultConfigurationName = Release;
		};
		DA60F5B61FA3F3D300AD84F1 /* Build configuration list for PBXNativeTarget "TestApp" */ = {
			isa = XCConfigurationList;
			buildConfigurations = (
				DA60F5B71FA3F3D300AD84F1 /* Debug */,
				DA60F5B81FA3F3D300AD84F1 /* Release */,
			);
			defaultConfigurationIsVisible = 0;
			defaultConfigurationName = Release;
		};
		DA60F5B91FA3F3D300AD84F1 /* Build configuration list for PBXNativeTarget "TestAppTests" */ = {
			isa = XCConfigurationList;
			buildConfigurations = (
				DA60F5BA1FA3F3D300AD84F1 /* Debug */,
				DA60F5BB1FA3F3D300AD84F1 /* Release */,
			);
			defaultConfigurationIsVisible = 0;
			defaultConfigurationName = Release;
		};
		DA60F5BC1FA3F3D300AD84F1 /* Build configuration list for PBXNativeTarget "TestAppUITests" */ = {
			isa = XCConfigurationList;
			buildConfigurations = (
				DA60F5BD1FA3F3D300AD84F1 /* Debug */,
				DA60F5BE1FA3F3D300AD84F1 /* Release */,
			);
			defaultConfigurationIsVisible = 0;
			defaultConfigurationName = Release;
		};
/* End XCConfigurationList section */
	};
	rootObject = DA60F5861FA3F3D200AD84F1 /* Project object */;
}
