// !$*UTF8*$!
{
	archiveVersion = 1;
	classes = {
	};
	objectVersion = 48;
	objects = {

/* Begin PBXBuildFile section */
		DA4583031FA0409000968453 /* AppDelegate.m in Sources */ = {isa = PBXBuildFile; fileRef = DA4583021FA0409000968453 /* AppDelegate.m */; };
		DA4583061FA0409000968453 /* ViewController.m in Sources */ = {isa = PBXBuildFile; fileRef = DA4583051FA0409000968453 /* ViewController.m */; };
		DA4583091FA0409000968453 /* Main.storyboard in Resources */ = {isa = PBXBuildFile; fileRef = DA4583071FA0409000968453 /* Main.storyboard */; };
		DA45830B1FA0409000968453 /* Assets.xcassets in Resources */ = {isa = PBXBuildFile; fileRef = DA45830A1FA0409000968453 /* Assets.xcassets */; };
		DA45830E1FA0409000968453 /* LaunchScreen.storyboard in Resources */ = {isa = PBXBuildFile; fileRef = DA45830C1FA0409000968453 /* LaunchScreen.storyboard */; };
		DA4583111FA0409000968453 /* main.m in Sources */ = {isa = PBXBuildFile; fileRef = DA4583101FA0409000968453 /* main.m */; };
		DA45831B1FA0409000968453 /* TestAppTests.m in Sources */ = {isa = PBXBuildFile; fileRef = DA45831A1FA0409000968453 /* TestAppTests.m */; };
		DA4583261FA0409000968453 /* TestAppUITests.m in Sources */ = {isa = PBXBuildFile; fileRef = DA4583251FA0409000968453 /* TestAppUITests.m */; };
/* End PBXBuildFile section */

/* Begin PBXContainerItemProxy section */
		DA4583171FA0409000968453 /* PBXContainerItemProxy */ = {
			isa = PBXContainerItemProxy;
			containerPortal = DA4582F61FA0408F00968453 /* Project object */;
			proxyType = 1;
			remoteGlobalIDString = DA4582FD1FA0408F00968453;
			remoteInfo = TestApp;
		};
		DA4583221FA0409000968453 /* PBXContainerItemProxy */ = {
			isa = PBXContainerItemProxy;
			containerPortal = DA4582F61FA0408F00968453 /* Project object */;
			proxyType = 1;
			remoteGlobalIDString = DA4582FD1FA0408F00968453;
			remoteInfo = TestApp;
		};
/* End PBXContainerItemProxy section */

/* Begin PBXFileReference section */
		DA4582FE1FA0408F00968453 /* TestApp.app */ = {isa = PBXFileReference; explicitFileType = wrapper.application; includeInIndex = 0; path = TestApp.app; sourceTree = BUILT_PRODUCTS_DIR; };
		DA4583011FA0409000968453 /* AppDelegate.h */ = {isa = PBXFileReference; lastKnownFileType = sourcecode.c.h; path = AppDelegate.h; sourceTree = "<group>"; };
		DA4583021FA0409000968453 /* AppDelegate.m */ = {isa = PBXFileReference; lastKnownFileType = sourcecode.c.objc; path = AppDelegate.m; sourceTree = "<group>"; };
		DA4583041FA0409000968453 /* ViewController.h */ = {isa = PBXFileReference; lastKnownFileType = sourcecode.c.h; path = ViewController.h; sourceTree = "<group>"; };
		DA4583051FA0409000968453 /* ViewController.m */ = {isa = PBXFileReference; lastKnownFileType = sourcecode.c.objc; path = ViewController.m; sourceTree = "<group>"; };
		DA4583081FA0409000968453 /* Base */ = {isa = PBXFileReference; lastKnownFileType = file.storyboard; name = Base; path = Base.lproj/Main.storyboard; sourceTree = "<group>"; };
		DA45830A1FA0409000968453 /* Assets.xcassets */ = {isa = PBXFileReference; lastKnownFileType = folder.assetcatalog; path = Assets.xcassets; sourceTree = "<group>"; };
		DA45830D1FA0409000968453 /* Base */ = {isa = PBXFileReference; lastKnownFileType = file.storyboard; name = Base; path = Base.lproj/LaunchScreen.storyboard; sourceTree = "<group>"; };
		DA45830F1FA0409000968453 /* Info.plist */ = {isa = PBXFileReference; lastKnownFileType = text.plist.xml; path = Info.plist; sourceTree = "<group>"; };
		DA4583101FA0409000968453 /* main.m */ = {isa = PBXFileReference; lastKnownFileType = sourcecode.c.objc; path = main.m; sourceTree = "<group>"; };
		DA4583161FA0409000968453 /* TestAppTests.xctest */ = {isa = PBXFileReference; explicitFileType = wrapper.cfbundle; includeInIndex = 0; path = TestAppTests.xctest; sourceTree = BUILT_PRODUCTS_DIR; };
		DA45831A1FA0409000968453 /* TestAppTests.m */ = {isa = PBXFileReference; lastKnownFileType = sourcecode.c.objc; path = TestAppTests.m; sourceTree = "<group>"; };
		DA45831C1FA0409000968453 /* Info.plist */ = {isa = PBXFileReference; lastKnownFileType = text.plist.xml; path = Info.plist; sourceTree = "<group>"; };
		DA4583211FA0409000968453 /* TestAppUITests.xctest */ = {isa = PBXFileReference; explicitFileType = wrapper.cfbundle; includeInIndex = 0; path = TestAppUITests.xctest; sourceTree = BUILT_PRODUCTS_DIR; };
		DA4583251FA0409000968453 /* TestAppUITests.m */ = {isa = PBXFileReference; lastKnownFileType = sourcecode.c.objc; path = TestAppUITests.m; sourceTree = "<group>"; };
		DA4583271FA0409000968453 /* Info.plist */ = {isa = PBXFileReference; lastKnownFileType = text.plist.xml; path = Info.plist; sourceTree = "<group>"; };
/* End PBXFileReference section */

/* Begin PBXFrameworksBuildPhase section */
		DA4582FB1FA0408F00968453 /* Frameworks */ = {
			isa = PBXFrameworksBuildPhase;
			buildActionMask = 2147483647;
			files = (
			);
			runOnlyForDeploymentPostprocessing = 0;
		};
		DA4583131FA0409000968453 /* Frameworks */ = {
			isa = PBXFrameworksBuildPhase;
			buildActionMask = 2147483647;
			files = (
			);
			runOnlyForDeploymentPostprocessing = 0;
		};
		DA45831E1FA0409000968453 /* Frameworks */ = {
			isa = PBXFrameworksBuildPhase;
			buildActionMask = 2147483647;
			files = (
			);
			runOnlyForDeploymentPostprocessing = 0;
		};
/* End PBXFrameworksBuildPhase section */

/* Begin PBXGroup section */
		DA4582F51FA0408F00968453 = {
			isa = PBXGroup;
			children = (
				DA4583001FA0408F00968453 /* TestApp */,
				DA4583191FA0409000968453 /* TestAppTests */,
				DA4583241FA0409000968453 /* TestAppUITests */,
				DA4582FF1FA0408F00968453 /* Products */,
			);
			sourceTree = "<group>";
		};
		DA4582FF1FA0408F00968453 /* Products */ = {
			isa = PBXGroup;
			children = (
				DA4582FE1FA0408F00968453 /* TestApp.app */,
				DA4583161FA0409000968453 /* TestAppTests.xctest */,
				DA4583211FA0409000968453 /* TestAppUITests.xctest */,
			);
			name = Products;
			sourceTree = "<group>";
		};
		DA4583001FA0408F00968453 /* TestApp */ = {
			isa = PBXGroup;
			children = (
				DA4583011FA0409000968453 /* AppDelegate.h */,
				DA4583021FA0409000968453 /* AppDelegate.m */,
				DA4583041FA0409000968453 /* ViewController.h */,
				DA4583051FA0409000968453 /* ViewController.m */,
				DA4583071FA0409000968453 /* Main.storyboard */,
				DA45830A1FA0409000968453 /* Assets.xcassets */,
				DA45830C1FA0409000968453 /* LaunchScreen.storyboard */,
				DA45830F1FA0409000968453 /* Info.plist */,
				DA4583101FA0409000968453 /* main.m */,
			);
			path = TestApp;
			sourceTree = "<group>";
		};
		DA4583191FA0409000968453 /* TestAppTests */ = {
			isa = PBXGroup;
			children = (
				DA45831A1FA0409000968453 /* TestAppTests.m */,
				DA45831C1FA0409000968453 /* Info.plist */,
			);
			path = TestAppTests;
			sourceTree = "<group>";
		};
		DA4583241FA0409000968453 /* TestAppUITests */ = {
			isa = PBXGroup;
			children = (
				DA4583251FA0409000968453 /* TestAppUITests.m */,
				DA4583271FA0409000968453 /* Info.plist */,
			);
			path = TestAppUITests;
			sourceTree = "<group>";
		};
/* End PBXGroup section */

/* Begin PBXNativeTarget section */
		DA4582FD1FA0408F00968453 /* TestApp */ = {
			isa = PBXNativeTarget;
			buildConfigurationList = DA45832A1FA0409000968453 /* Build configuration list for PBXNativeTarget "TestApp" */;
			buildPhases = (
				DA4582FA1FA0408F00968453 /* Sources */,
				DA4582FB1FA0408F00968453 /* Frameworks */,
				DA4582FC1FA0408F00968453 /* Resources */,
			);
			buildRules = (
			);
			dependencies = (
			);
			name = TestApp;
			productName = TestApp;
			productReference = DA4582FE1FA0408F00968453 /* TestApp.app */;
			productType = "com.apple.product-type.application";
		};
		DA4583151FA0409000968453 /* TestAppTests */ = {
			isa = PBXNativeTarget;
			buildConfigurationList = DA45832D1FA0409000968453 /* Build configuration list for PBXNativeTarget "TestAppTests" */;
			buildPhases = (
				DA4583121FA0409000968453 /* Sources */,
				DA4583131FA0409000968453 /* Frameworks */,
				DA4583141FA0409000968453 /* Resources */,
			);
			buildRules = (
			);
			dependencies = (
				DA4583181FA0409000968453 /* PBXTargetDependency */,
			);
			name = TestAppTests;
			productName = TestAppTests;
			productReference = DA4583161FA0409000968453 /* TestAppTests.xctest */;
			productType = "com.apple.product-type.bundle.unit-test";
		};
		DA4583201FA0409000968453 /* TestAppUITests */ = {
			isa = PBXNativeTarget;
			buildConfigurationList = DA4583301FA0409000968453 /* Build configuration list for PBXNativeTarget "TestAppUITests" */;
			buildPhases = (
				DA45831D1FA0409000968453 /* Sources */,
				DA45831E1FA0409000968453 /* Frameworks */,
				DA45831F1FA0409000968453 /* Resources */,
			);
			buildRules = (
			);
			dependencies = (
				DA4583231FA0409000968453 /* PBXTargetDependency */,
			);
			name = TestAppUITests;
			productName = TestAppUITests;
			productReference = DA4583211FA0409000968453 /* TestAppUITests.xctest */;
			productType = "com.apple.product-type.bundle.ui-testing";
		};
/* End PBXNativeTarget section */

/* Begin PBXProject section */
		DA4582F61FA0408F00968453 /* Project object */ = {
			isa = PBXProject;
			attributes = {
				LastUpgradeCheck = 0900;
				ORGANIZATIONNAME = TKraus;
				TargetAttributes = {
					DA4582FD1FA0408F00968453 = {
						CreatedOnToolsVersion = 9.0.1;
						ProvisioningStyle = Automatic;
					};
					DA4583151FA0409000968453 = {
						CreatedOnToolsVersion = 9.0.1;
						ProvisioningStyle = Automatic;
						TestTargetID = DA4582FD1FA0408F00968453;
					};
					DA4583201FA0409000968453 = {
						CreatedOnToolsVersion = 9.0.1;
						ProvisioningStyle = Automatic;
						TestTargetID = DA4582FD1FA0408F00968453;
					};
				};
			};
			buildConfigurationList = DA4582F91FA0408F00968453 /* Build configuration list for PBXProject "TestApp" */;
			compatibilityVersion = "Xcode 8.0";
			developmentRegion = en;
			hasScannedForEncodings = 0;
			knownRegions = (
				en,
				Base,
			);
			mainGroup = DA4582F51FA0408F00968453;
			productRefGroup = DA4582FF1FA0408F00968453 /* Products */;
			projectDirPath = "";
			projectRoot = "";
			targets = (
				DA4582FD1FA0408F00968453 /* TestApp */,
				DA4583151FA0409000968453 /* TestAppTests */,
				DA4583201FA0409000968453 /* TestAppUITests */,
			);
		};
/* End PBXProject section */

/* Begin PBXResourcesBuildPhase section */
		DA4582FC1FA0408F00968453 /* Resources */ = {
			isa = PBXResourcesBuildPhase;
			buildActionMask = 2147483647;
			files = (
				DA45830E1FA0409000968453 /* LaunchScreen.storyboard in Resources */,
				DA45830B1FA0409000968453 /* Assets.xcassets in Resources */,
				DA4583091FA0409000968453 /* Main.storyboard in Resources */,
			);
			runOnlyForDeploymentPostprocessing = 0;
		};
		DA4583141FA0409000968453 /* Resources */ = {
			isa = PBXResourcesBuildPhase;
			buildActionMask = 2147483647;
			files = (
			);
			runOnlyForDeploymentPostprocessing = 0;
		};
		DA45831F1FA0409000968453 /* Resources */ = {
			isa = PBXResourcesBuildPhase;
			buildActionMask = 2147483647;
			files = (
			);
			runOnlyForDeploymentPostprocessing = 0;
		};
/* End PBXResourcesBuildPhase section */

/* Begin PBXSourcesBuildPhase section */
		DA4582FA1FA0408F00968453 /* Sources */ = {
			isa = PBXSourcesBuildPhase;
			buildActionMask = 2147483647;
			files = (
				DA4583061FA0409000968453 /* ViewController.m in Sources */,
				DA4583111FA0409000968453 /* main.m in Sources */,
				DA4583031FA0409000968453 /* AppDelegate.m in Sources */,
			);
			runOnlyForDeploymentPostprocessing = 0;
		};
		DA4583121FA0409000968453 /* Sources */ = {
			isa = PBXSourcesBuildPhase;
			buildActionMask = 2147483647;
			files = (
				DA45831B1FA0409000968453 /* TestAppTests.m in Sources */,
			);
			runOnlyForDeploymentPostprocessing = 0;
		};
		DA45831D1FA0409000968453 /* Sources */ = {
			isa = PBXSourcesBuildPhase;
			buildActionMask = 2147483647;
			files = (
				DA4583261FA0409000968453 /* TestAppUITests.m in Sources */,
			);
			runOnlyForDeploymentPostprocessing = 0;
		};
/* End PBXSourcesBuildPhase section */

/* Begin PBXTargetDependency section */
		DA4583181FA0409000968453 /* PBXTargetDependency */ = {
			isa = PBXTargetDependency;
			target = DA4582FD1FA0408F00968453 /* TestApp */;
			targetProxy = DA4583171FA0409000968453 /* PBXContainerItemProxy */;
		};
		DA4583231FA0409000968453 /* PBXTargetDependency */ = {
			isa = PBXTargetDependency;
			target = DA4582FD1FA0408F00968453 /* TestApp */;
			targetProxy = DA4583221FA0409000968453 /* PBXContainerItemProxy */;
		};
/* End PBXTargetDependency section */

/* Begin PBXVariantGroup section */
		DA4583071FA0409000968453 /* Main.storyboard */ = {
			isa = PBXVariantGroup;
			children = (
				DA4583081FA0409000968453 /* Base */,
			);
			name = Main.storyboard;
			sourceTree = "<group>";
		};
		DA45830C1FA0409000968453 /* LaunchScreen.storyboard */ = {
			isa = PBXVariantGroup;
			children = (
				DA45830D1FA0409000968453 /* Base */,
			);
			name = LaunchScreen.storyboard;
			sourceTree = "<group>";
		};
/* End PBXVariantGroup section */

/* Begin XCBuildConfiguration section */
		DA4583281FA0409000968453 /* Debug */ = {
			isa = XCBuildConfiguration;
			buildSettings = {
				ALWAYS_SEARCH_USER_PATHS = NO;
				CLANG_ANALYZER_NONNULL = YES;
				CLANG_ANALYZER_NUMBER_OBJECT_CONVERSION = YES_AGGRESSIVE;
				CLANG_CXX_LANGUAGE_STANDARD = "gnu++14";
				CLANG_CXX_LIBRARY = "libc++";
				CLANG_ENABLE_MODULES = YES;
				CLANG_ENABLE_OBJC_ARC = YES;
				CLANG_WARN_BLOCK_CAPTURE_AUTORELEASING = YES;
				CLANG_WARN_BOOL_CONVERSION = YES;
				CLANG_WARN_COMMA = YES;
				CLANG_WARN_CONSTANT_CONVERSION = YES;
				CLANG_WARN_DIRECT_OBJC_ISA_USAGE = YES_ERROR;
				CLANG_WARN_DOCUMENTATION_COMMENTS = YES;
				CLANG_WARN_EMPTY_BODY = YES;
				CLANG_WARN_ENUM_CONVERSION = YES;
				CLANG_WARN_INFINITE_RECURSION = YES;
				CLANG_WARN_INT_CONVERSION = YES;
				CLANG_WARN_NON_LITERAL_NULL_CONVERSION = YES;
				CLANG_WARN_OBJC_LITERAL_CONVERSION = YES;
				CLANG_WARN_OBJC_ROOT_CLASS = YES_ERROR;
				CLANG_WARN_RANGE_LOOP_ANALYSIS = YES;
				CLANG_WARN_STRICT_PROTOTYPES = YES;
				CLANG_WARN_SUSPICIOUS_MOVE = YES;
				CLANG_WARN_UNGUARDED_AVAILABILITY = YES_AGGRESSIVE;
				CLANG_WARN_UNREACHABLE_CODE = YES;
				CLANG_WARN__DUPLICATE_METHOD_MATCH = YES;
				CODE_SIGN_IDENTITY = "iPhone Developer";
				COPY_PHASE_STRIP = NO;
				DEBUG_INFORMATION_FORMAT = dwarf;
				DEVELOPMENT_TEAM = LYDNLJ5GWA;
				ENABLE_STRICT_OBJC_MSGSEND = YES;
				ENABLE_TESTABILITY = YES;
				GCC_C_LANGUAGE_STANDARD = gnu11;
				GCC_DYNAMIC_NO_PIC = NO;
				GCC_NO_COMMON_BLOCKS = YES;
				GCC_OPTIMIZATION_LEVEL = 0;
				GCC_PREPROCESSOR_DEFINITIONS = (
					"DEBUG=1",
					"$(inherited)",
				);
				GCC_WARN_64_TO_32_BIT_CONVERSION = YES;
				GCC_WARN_ABOUT_RETURN_TYPE = YES_ERROR;
				GCC_WARN_UNDECLARED_SELECTOR = YES;
				GCC_WARN_UNINITIALIZED_AUTOS = YES_AGGRESSIVE;
				GCC_WARN_UNUSED_FUNCTION = YES;
				GCC_WARN_UNUSED_VARIABLE = YES;
				IPHONEOS_DEPLOYMENT_TARGET = 11.0;
				MTL_ENABLE_DEBUG_INFO = YES;
				ONLY_ACTIVE_ARCH = YES;
				SDKROOT = iphoneos;
			};
			name = Debug;
		};
		DA4583291FA0409000968453 /* Release */ = {
			isa = XCBuildConfiguration;
			buildSettings = {
				ALWAYS_SEARCH_USER_PATHS = NO;
				CLANG_ANALYZER_NONNULL = YES;
				CLANG_ANALYZER_NUMBER_OBJECT_CONVERSION = YES_AGGRESSIVE;
				CLANG_CXX_LANGUAGE_STANDARD = "gnu++14";
				CLANG_CXX_LIBRARY = "libc++";
				CLANG_ENABLE_MODULES = YES;
				CLANG_ENABLE_OBJC_ARC = YES;
				CLANG_WARN_BLOCK_CAPTURE_AUTORELEASING = YES;
				CLANG_WARN_BOOL_CONVERSION = YES;
				CLANG_WARN_COMMA = YES;
				CLANG_WARN_CONSTANT_CONVERSION = YES;
				CLANG_WARN_DIRECT_OBJC_ISA_USAGE = YES_ERROR;
				CLANG_WARN_DOCUMENTATION_COMMENTS = YES;
				CLANG_WARN_EMPTY_BODY = YES;
				CLANG_WARN_ENUM_CONVERSION = YES;
				CLANG_WARN_INFINITE_RECURSION = YES;
				CLANG_WARN_INT_CONVERSION = YES;
				CLANG_WARN_NON_LITERAL_NULL_CONVERSION = YES;
				CLANG_WARN_OBJC_LITERAL_CONVERSION = YES;
				CLANG_WARN_OBJC_ROOT_CLASS = YES_ERROR;
				CLANG_WARN_RANGE_LOOP_ANALYSIS = YES;
				CLANG_WARN_STRICT_PROTOTYPES = YES;
				CLANG_WARN_SUSPICIOUS_MOVE = YES;
				CLANG_WARN_UNGUARDED_AVAILABILITY = YES_AGGRESSIVE;
				CLANG_WARN_UNREACHABLE_CODE = YES;
				CLANG_WARN__DUPLICATE_METHOD_MATCH = YES;
				CODE_SIGN_IDENTITY = "iPhone Developer";
				COPY_PHASE_STRIP = NO;
				DEBUG_INFORMATION_FORMAT = "dwarf-with-dsym";
				DEVELOPMENT_TEAM = LYDNLJ5GWA;
				ENABLE_NS_ASSERTIONS = NO;
				ENABLE_STRICT_OBJC_MSGSEND = YES;
				GCC_C_LANGUAGE_STANDARD = gnu11;
				GCC_NO_COMMON_BLOCKS = YES;
				GCC_WARN_64_TO_32_BIT_CONVERSION = YES;
				GCC_WARN_ABOUT_RETURN_TYPE = YES_ERROR;
				GCC_WARN_UNDECLARED_SELECTOR = YES;
				GCC_WARN_UNINITIALIZED_AUTOS = YES_AGGRESSIVE;
				GCC_WARN_UNUSED_FUNCTION = YES;
				GCC_WARN_UNUSED_VARIABLE = YES;
				IPHONEOS_DEPLOYMENT_TARGET = 11.0;
				MTL_ENABLE_DEBUG_INFO = NO;
				SDKROOT = iphoneos;
				VALIDATE_PRODUCT = YES;
			};
			name = Release;
		};
		DA45832B1FA0409000968453 /* Debug */ = {
			isa = XCBuildConfiguration;
			buildSettings = {
				ASSETCATALOG_COMPILER_APPICON_NAME = AppIcon;
				CODE_SIGN_STYLE = Automatic;
				INFOPLIST_FILE = TestApp/Info.plist;
				LD_RUNPATH_SEARCH_PATHS = "$(inherited) @executable_path/Frameworks";
				PRODUCT_BUNDLE_IDENTIFIER = tkraus.TestApp;
				PRODUCT_NAME = "$(TARGET_NAME)";
				TARGETED_DEVICE_FAMILY = "1,2";
			};
			name = Debug;
		};
		DA45832C1FA0409000968453 /* Release */ = {
			isa = XCBuildConfiguration;
			buildSettings = {
				ASSETCATALOG_COMPILER_APPICON_NAME = AppIcon;
				CODE_SIGN_STYLE = Automatic;
				INFOPLIST_FILE = TestApp/Info.plist;
				LD_RUNPATH_SEARCH_PATHS = "$(inherited) @executable_path/Frameworks";
				PRODUCT_BUNDLE_IDENTIFIER = tkraus.TestApp;
				PRODUCT_NAME = "$(TARGET_NAME)";
				TARGETED_DEVICE_FAMILY = "1,2";
			};
			name = Release;
		};
		DA45832E1FA0409000968453 /* Debug */ = {
			isa = XCBuildConfiguration;
			buildSettings = {
				BUNDLE_LOADER = "$(TEST_HOST)";
				CODE_SIGN_STYLE = Automatic;
				INFOPLIST_FILE = TestAppTests/Info.plist;
				LD_RUNPATH_SEARCH_PATHS = "$(inherited) @executable_path/Frameworks @loader_path/Frameworks";
				PRODUCT_BUNDLE_IDENTIFIER = tkraus.TestAppTests;
				PRODUCT_NAME = "$(TARGET_NAME)";
				TARGETED_DEVICE_FAMILY = "1,2";
				TEST_HOST = "$(BUILT_PRODUCTS_DIR)/TestApp.app/TestApp";
			};
			name = Debug;
		};
		DA45832F1FA0409000968453 /* Release */ = {
			isa = XCBuildConfiguration;
			buildSettings = {
				BUNDLE_LOADER = "$(TEST_HOST)";
				CODE_SIGN_STYLE = Automatic;
				INFOPLIST_FILE = TestAppTests/Info.plist;
				LD_RUNPATH_SEARCH_PATHS = "$(inherited) @executable_path/Frameworks @loader_path/Frameworks";
				PRODUCT_BUNDLE_IDENTIFIER = tkraus.TestAppTests;
				PRODUCT_NAME = "$(TARGET_NAME)";
				TARGETED_DEVICE_FAMILY = "1,2";
				TEST_HOST = "$(BUILT_PRODUCTS_DIR)/TestApp.app/TestApp";
			};
			name = Release;
		};
		DA4583311FA0409000968453 /* Debug */ = {
			isa = XCBuildConfiguration;
			buildSettings = {
				CODE_SIGN_STYLE = Automatic;
				INFOPLIST_FILE = TestAppUITests/Info.plist;
				LD_RUNPATH_SEARCH_PATHS = "$(inherited) @executable_path/Frameworks @loader_path/Frameworks";
				PRODUCT_BUNDLE_IDENTIFIER = tkraus.TestAppUITests;
				PRODUCT_NAME = "$(TARGET_NAME)";
				TARGETED_DEVICE_FAMILY = "1,2";
				TEST_TARGET_NAME = TestApp;
			};
			name = Debug;
		};
		DA4583321FA0409000968453 /* Release */ = {
			isa = XCBuildConfiguration;
			buildSettings = {
				CODE_SIGN_STYLE = Automatic;
				INFOPLIST_FILE = TestAppUITests/Info.plist;
				LD_RUNPATH_SEARCH_PATHS = "$(inherited) @executable_path/Frameworks @loader_path/Frameworks";
				PRODUCT_BUNDLE_IDENTIFIER = tkraus.TestAppUITests;
				PRODUCT_NAME = "$(TARGET_NAME)";
				TARGETED_DEVICE_FAMILY = "1,2";
				TEST_TARGET_NAME = TestApp;
			};
			name = Release;
		};
/* End XCBuildConfiguration section */

/* Begin XCConfigurationList section */
		DA4582F91FA0408F00968453 /* Build configuration list for PBXProject "TestApp" */ = {
			isa = XCConfigurationList;
			buildConfigurations = (
				DA4583281FA0409000968453 /* Debug */,
				DA4583291FA0409000968453 /* Release */,
			);
			defaultConfigurationIsVisible = 0;
			defaultConfigurationName = Debug;
		};
		DA45832A1FA0409000968453 /* Build configuration list for PBXNativeTarget "TestApp" */ = {
			isa = XCConfigurationList;
			buildConfigurations = (
				DA45832B1FA0409000968453 /* Debug */,
				DA45832C1FA0409000968453 /* Release */,
			);
			defaultConfigurationIsVisible = 0;
			defaultConfigurationName = Debug;
		};
		DA45832D1FA0409000968453 /* Build configuration list for PBXNativeTarget "TestAppTests" */ = {
			isa = XCConfigurationList;
			buildConfigurations = (
				DA45832E1FA0409000968453 /* Debug */,
				DA45832F1FA0409000968453 /* Release */,
			);
			defaultConfigurationIsVisible = 0;
			defaultConfigurationName = Debug;
		};
		DA4583301FA0409000968453 /* Build configuration list for PBXNativeTarget "TestAppUITests" */ = {
			isa = XCConfigurationList;
			buildConfigurations = (
				DA4583311FA0409000968453 /* Debug */,
				DA4583321FA0409000968453 /* Release */,
			);
			defaultConfigurationIsVisible = 0;
			defaultConfigurationName = Debug;
		};
/* End XCConfigurationList section */
	};
	rootObject = DA4582F61FA0408F00968453 /* Project object */;
}
